// !$*UTF8*$!
{
	archiveVersion = 1;
	classes = {
	};
	objectVersion = 50;
	objects = {

/* Begin PBXBuildFile section */
		E733417120D67D8E008F7084 /* AppDelegate.swift in Sources */ = {isa = PBXBuildFile; fileRef = E733417020D67D8E008F7084 /* AppDelegate.swift */; };
		E733417320D67D8E008F7084 /* ViewController.swift in Sources */ = {isa = PBXBuildFile; fileRef = E733417220D67D8E008F7084 /* ViewController.swift */; };
		E733417620D67D8E008F7084 /* Main.storyboard in Resources */ = {isa = PBXBuildFile; fileRef = E733417420D67D8E008F7084 /* Main.storyboard */; };
		E733417820D67D95008F7084 /* Assets.xcassets in Resources */ = {isa = PBXBuildFile; fileRef = E733417720D67D95008F7084 /* Assets.xcassets */; };
		E733417B20D67D95008F7084 /* LaunchScreen.storyboard in Resources */ = {isa = PBXBuildFile; fileRef = E733417920D67D95008F7084 /* LaunchScreen.storyboard */; };
		E733418620D67D96008F7084 /* SveetoforTests.swift in Sources */ = {isa = PBXBuildFile; fileRef = E733418520D67D96008F7084 /* SveetoforTests.swift */; };
		E733419120D67D96008F7084 /* SveetoforUITests.swift in Sources */ = {isa = PBXBuildFile; fileRef = E733419020D67D96008F7084 /* SveetoforUITests.swift */; };
/* End PBXBuildFile section */

/* Begin PBXContainerItemProxy section */
		E733418220D67D96008F7084 /* PBXContainerItemProxy */ = {
			isa = PBXContainerItemProxy;
			containerPortal = E733416520D67D8D008F7084 /* Project object */;
			proxyType = 1;
			remoteGlobalIDString = E733416C20D67D8E008F7084;
			remoteInfo = Sveetofor;
		};
		E733418D20D67D96008F7084 /* PBXContainerItemProxy */ = {
			isa = PBXContainerItemProxy;
			containerPortal = E733416520D67D8D008F7084 /* Project object */;
			proxyType = 1;
			remoteGlobalIDString = E733416C20D67D8E008F7084;
			remoteInfo = Sveetofor;
		};
/* End PBXContainerItemProxy section */

/* Begin PBXFileReference section */
		E733416D20D67D8E008F7084 /* Sveetofor.app */ = {isa = PBXFileReference; explicitFileType = wrapper.application; includeInIndex = 0; path = Sveetofor.app; sourceTree = BUILT_PRODUCTS_DIR; };
		E733417020D67D8E008F7084 /* AppDelegate.swift */ = {isa = PBXFileReference; lastKnownFileType = sourcecode.swift; path = AppDelegate.swift; sourceTree = "<group>"; };
		E733417220D67D8E008F7084 /* ViewController.swift */ = {isa = PBXFileReference; lastKnownFileType = sourcecode.swift; path = ViewController.swift; sourceTree = "<group>"; };
		E733417520D67D8E008F7084 /* Base */ = {isa = PBXFileReference; lastKnownFileType = file.storyboard; name = Base; path = Base.lproj/Main.storyboard; sourceTree = "<group>"; };
		E733417720D67D95008F7084 /* Assets.xcassets */ = {isa = PBXFileReference; lastKnownFileType = folder.assetcatalog; path = Assets.xcassets; sourceTree = "<group>"; };
		E733417A20D67D95008F7084 /* Base */ = {isa = PBXFileReference; lastKnownFileType = file.storyboard; name = Base; path = Base.lproj/LaunchScreen.storyboard; sourceTree = "<group>"; };
		E733417C20D67D95008F7084 /* Info.plist */ = {isa = PBXFileReference; lastKnownFileType = text.plist.xml; path = Info.plist; sourceTree = "<group>"; };
		E733418120D67D96008F7084 /* SveetoforTests.xctest */ = {isa = PBXFileReference; explicitFileType = wrapper.cfbundle; includeInIndex = 0; path = SveetoforTests.xctest; sourceTree = BUILT_PRODUCTS_DIR; };
		E733418520D67D96008F7084 /* SveetoforTests.swift */ = {isa = PBXFileReference; lastKnownFileType = sourcecode.swift; path = SveetoforTests.swift; sourceTree = "<group>"; };
		E733418720D67D96008F7084 /* Info.plist */ = {isa = PBXFileReference; lastKnownFileType = text.plist.xml; path = Info.plist; sourceTree = "<group>"; };
		E733418C20D67D96008F7084 /* SveetoforUITests.xctest */ = {isa = PBXFileReference; explicitFileType = wrapper.cfbundle; includeInIndex = 0; path = SveetoforUITests.xctest; sourceTree = BUILT_PRODUCTS_DIR; };
		E733419020D67D96008F7084 /* SveetoforUITests.swift */ = {isa = PBXFileReference; lastKnownFileType = sourcecode.swift; path = SveetoforUITests.swift; sourceTree = "<group>"; };
		E733419220D67D96008F7084 /* Info.plist */ = {isa = PBXFileReference; lastKnownFileType = text.plist.xml; path = Info.plist; sourceTree = "<group>"; };
/* End PBXFileReference section */

/* Begin PBXFrameworksBuildPhase section */
		E733416A20D67D8E008F7084 /* Frameworks */ = {
			isa = PBXFrameworksBuildPhase;
			buildActionMask = 2147483647;
			files = (
			);
			runOnlyForDeploymentPostprocessing = 0;
		};
		E733417E20D67D96008F7084 /* Frameworks */ = {
			isa = PBXFrameworksBuildPhase;
			buildActionMask = 2147483647;
			files = (
			);
			runOnlyForDeploymentPostprocessing = 0;
		};
		E733418920D67D96008F7084 /* Frameworks */ = {
			isa = PBXFrameworksBuildPhase;
			buildActionMask = 2147483647;
			files = (
			);
			runOnlyForDeploymentPostprocessing = 0;
		};
/* End PBXFrameworksBuildPhase section */

/* Begin PBXGroup section */
		E733416420D67D8D008F7084 = {
			isa = PBXGroup;
			children = (
				E733416F20D67D8E008F7084 /* Sveetofor */,
				E733418420D67D96008F7084 /* SveetoforTests */,
				E733418F20D67D96008F7084 /* SveetoforUITests */,
				E733416E20D67D8E008F7084 /* Products */,
			);
			sourceTree = "<group>";
		};
		E733416E20D67D8E008F7084 /* Products */ = {
			isa = PBXGroup;
			children = (
				E733416D20D67D8E008F7084 /* Sveetofor.app */,
				E733418120D67D96008F7084 /* SveetoforTests.xctest */,
				E733418C20D67D96008F7084 /* SveetoforUITests.xctest */,
			);
			name = Products;
			sourceTree = "<group>";
		};
		E733416F20D67D8E008F7084 /* Sveetofor */ = {
			isa = PBXGroup;
			children = (
				E733417020D67D8E008F7084 /* AppDelegate.swift */,
				E733417220D67D8E008F7084 /* ViewController.swift */,
				E733417420D67D8E008F7084 /* Main.storyboard */,
				E733417720D67D95008F7084 /* Assets.xcassets */,
				E733417920D67D95008F7084 /* LaunchScreen.storyboard */,
				E733417C20D67D95008F7084 /* Info.plist */,
			);
			path = Sveetofor;
			sourceTree = "<group>";
		};
		E733418420D67D96008F7084 /* SveetoforTests */ = {
			isa = PBXGroup;
			children = (
				E733418520D67D96008F7084 /* SveetoforTests.swift */,
				E733418720D67D96008F7084 /* Info.plist */,
			);
			path = SveetoforTests;
			sourceTree = "<group>";
		};
		E733418F20D67D96008F7084 /* SveetoforUITests */ = {
			isa = PBXGroup;
			children = (
				E733419020D67D96008F7084 /* SveetoforUITests.swift */,
				E733419220D67D96008F7084 /* Info.plist */,
			);
			path = SveetoforUITests;
			sourceTree = "<group>";
		};
/* End PBXGroup section */

/* Begin PBXNativeTarget section */
		E733416C20D67D8E008F7084 /* Sveetofor */ = {
			isa = PBXNativeTarget;
			buildConfigurationList = E733419520D67D96008F7084 /* Build configuration list for PBXNativeTarget "Sveetofor" */;
			buildPhases = (
				E733416920D67D8E008F7084 /* Sources */,
				E733416A20D67D8E008F7084 /* Frameworks */,
				E733416B20D67D8E008F7084 /* Resources */,
			);
			buildRules = (
			);
			dependencies = (
			);
			name = Sveetofor;
			productName = Sveetofor;
			productReference = E733416D20D67D8E008F7084 /* Sveetofor.app */;
			productType = "com.apple.product-type.application";
		};
		E733418020D67D96008F7084 /* SveetoforTests */ = {
			isa = PBXNativeTarget;
			buildConfigurationList = E733419820D67D96008F7084 /* Build configuration list for PBXNativeTarget "SveetoforTests" */;
			buildPhases = (
				E733417D20D67D96008F7084 /* Sources */,
				E733417E20D67D96008F7084 /* Frameworks */,
				E733417F20D67D96008F7084 /* Resources */,
			);
			buildRules = (
			);
			dependencies = (
				E733418320D67D96008F7084 /* PBXTargetDependency */,
			);
			name = SveetoforTests;
			productName = SveetoforTests;
			productReference = E733418120D67D96008F7084 /* SveetoforTests.xctest */;
			productType = "com.apple.product-type.bundle.unit-test";
		};
		E733418B20D67D96008F7084 /* SveetoforUITests */ = {
			isa = PBXNativeTarget;
			buildConfigurationList = E733419B20D67D96008F7084 /* Build configuration list for PBXNativeTarget "SveetoforUITests" */;
			buildPhases = (
				E733418820D67D96008F7084 /* Sources */,
				E733418920D67D96008F7084 /* Frameworks */,
				E733418A20D67D96008F7084 /* Resources */,
			);
			buildRules = (
			);
			dependencies = (
				E733418E20D67D96008F7084 /* PBXTargetDependency */,
			);
			name = SveetoforUITests;
			productName = SveetoforUITests;
			productReference = E733418C20D67D96008F7084 /* SveetoforUITests.xctest */;
			productType = "com.apple.product-type.bundle.ui-testing";
		};
/* End PBXNativeTarget section */

/* Begin PBXProject section */
		E733416520D67D8D008F7084 /* Project object */ = {
			isa = PBXProject;
			attributes = {
				LastSwiftUpdateCheck = 0930;
				LastUpgradeCheck = 0930;
				ORGANIZATIONNAME = "MIkhail Gorban";
				TargetAttributes = {
					E733416C20D67D8E008F7084 = {
						CreatedOnToolsVersion = 9.3.1;
					};
					E733418020D67D96008F7084 = {
						CreatedOnToolsVersion = 9.3.1;
						TestTargetID = E733416C20D67D8E008F7084;
					};
					E733418B20D67D96008F7084 = {
						CreatedOnToolsVersion = 9.3.1;
						TestTargetID = E733416C20D67D8E008F7084;
					};
				};
			};
			buildConfigurationList = E733416820D67D8D008F7084 /* Build configuration list for PBXProject "Sveetofor" */;
			compatibilityVersion = "Xcode 9.3";
			developmentRegion = en;
			hasScannedForEncodings = 0;
			knownRegions = (
				en,
				Base,
			);
			mainGroup = E733416420D67D8D008F7084;
			productRefGroup = E733416E20D67D8E008F7084 /* Products */;
			projectDirPath = "";
			projectRoot = "";
			targets = (
				E733416C20D67D8E008F7084 /* Sveetofor */,
				E733418020D67D96008F7084 /* SveetoforTests */,
				E733418B20D67D96008F7084 /* SveetoforUITests */,
			);
		};
/* End PBXProject section */

/* Begin PBXResourcesBuildPhase section */
		E733416B20D67D8E008F7084 /* Resources */ = {
			isa = PBXResourcesBuildPhase;
			buildActionMask = 2147483647;
			files = (
				E733417B20D67D95008F7084 /* LaunchScreen.storyboard in Resources */,
				E733417820D67D95008F7084 /* Assets.xcassets in Resources */,
				E733417620D67D8E008F7084 /* Main.storyboard in Resources */,
			);
			runOnlyForDeploymentPostprocessing = 0;
		};
		E733417F20D67D96008F7084 /* Resources */ = {
			isa = PBXResourcesBuildPhase;
			buildActionMask = 2147483647;
			files = (
			);
			runOnlyForDeploymentPostprocessing = 0;
		};
		E733418A20D67D96008F7084 /* Resources */ = {
			isa = PBXResourcesBuildPhase;
			buildActionMask = 2147483647;
			files = (
			);
			runOnlyForDeploymentPostprocessing = 0;
		};
/* End PBXResourcesBuildPhase section */

/* Begin PBXSourcesBuildPhase section */
		E733416920D67D8E008F7084 /* Sources */ = {
			isa = PBXSourcesBuildPhase;
			buildActionMask = 2147483647;
			files = (
				E733417320D67D8E008F7084 /* ViewController.swift in Sources */,
				E733417120D67D8E008F7084 /* AppDelegate.swift in Sources */,
			);
			runOnlyForDeploymentPostprocessing = 0;
		};
		E733417D20D67D96008F7084 /* Sources */ = {
			isa = PBXSourcesBuildPhase;
			buildActionMask = 2147483647;
			files = (
				E733418620D67D96008F7084 /* SveetoforTests.swift in Sources */,
			);
			runOnlyForDeploymentPostprocessing = 0;
		};
		E733418820D67D96008F7084 /* Sources */ = {
			isa = PBXSourcesBuildPhase;
			buildActionMask = 2147483647;
			files = (
				E733419120D67D96008F7084 /* SveetoforUITests.swift in Sources */,
			);
			runOnlyForDeploymentPostprocessing = 0;
		};
/* End PBXSourcesBuildPhase section */

/* Begin PBXTargetDependency section */
		E733418320D67D96008F7084 /* PBXTargetDependency */ = {
			isa = PBXTargetDependency;
			target = E733416C20D67D8E008F7084 /* Sveetofor */;
			targetProxy = E733418220D67D96008F7084 /* PBXContainerItemProxy */;
		};
		E733418E20D67D96008F7084 /* PBXTargetDependency */ = {
			isa = PBXTargetDependency;
			target = E733416C20D67D8E008F7084 /* Sveetofor */;
			targetProxy = E733418D20D67D96008F7084 /* PBXContainerItemProxy */;
		};
/* End PBXTargetDependency section */

/* Begin PBXVariantGroup section */
		E733417420D67D8E008F7084 /* Main.storyboard */ = {
			isa = PBXVariantGroup;
			children = (
				E733417520D67D8E008F7084 /* Base */,
			);
			name = Main.storyboard;
			sourceTree = "<group>";
		};
		E733417920D67D95008F7084 /* LaunchScreen.storyboard */ = {
			isa = PBXVariantGroup;
			children = (
				E733417A20D67D95008F7084 /* Base */,
			);
			name = LaunchScreen.storyboard;
			sourceTree = "<group>";
		};
/* End PBXVariantGroup section */

/* Begin XCBuildConfiguration section */
		E733419320D67D96008F7084 /* Debug */ = {
			isa = XCBuildConfiguration;
			buildSettings = {
				ALWAYS_SEARCH_USER_PATHS = NO;
				CLANG_ANALYZER_NONNULL = YES;
				CLANG_ANALYZER_NUMBER_OBJECT_CONVERSION = YES_AGGRESSIVE;
				CLANG_CXX_LANGUAGE_STANDARD = "gnu++14";
				CLANG_CXX_LIBRARY = "libc++";
				CLANG_ENABLE_MODULES = YES;
				CLANG_ENABLE_OBJC_ARC = YES;
				CLANG_ENABLE_OBJC_WEAK = YES;
				CLANG_WARN_BLOCK_CAPTURE_AUTORELEASING = YES;
				CLANG_WARN_BOOL_CONVERSION = YES;
				CLANG_WARN_COMMA = YES;
				CLANG_WARN_CONSTANT_CONVERSION = YES;
				CLANG_WARN_DEPRECATED_OBJC_IMPLEMENTATIONS = YES;
				CLANG_WARN_DIRECT_OBJC_ISA_USAGE = YES_ERROR;
				CLANG_WARN_DOCUMENTATION_COMMENTS = YES;
				CLANG_WARN_EMPTY_BODY = YES;
				CLANG_WARN_ENUM_CONVERSION = YES;
				CLANG_WARN_INFINITE_RECURSION = YES;
				CLANG_WARN_INT_CONVERSION = YES;
				CLANG_WARN_NON_LITERAL_NULL_CONVERSION = YES;
				CLANG_WARN_OBJC_IMPLICIT_RETAIN_SELF = YES;
				CLANG_WARN_OBJC_LITERAL_CONVERSION = YES;
				CLANG_WARN_OBJC_ROOT_CLASS = YES_ERROR;
				CLANG_WARN_RANGE_LOOP_ANALYSIS = YES;
				CLANG_WARN_STRICT_PROTOTYPES = YES;
				CLANG_WARN_SUSPICIOUS_MOVE = YES;
				CLANG_WARN_UNGUARDED_AVAILABILITY = YES_AGGRESSIVE;
				CLANG_WARN_UNREACHABLE_CODE = YES;
				CLANG_WARN__DUPLICATE_METHOD_MATCH = YES;
				CODE_SIGN_IDENTITY = "iPhone Developer";
				COPY_PHASE_STRIP = NO;
				DEBUG_INFORMATION_FORMAT = dwarf;
				ENABLE_STRICT_OBJC_MSGSEND = YES;
				ENABLE_TESTABILITY = YES;
				GCC_C_LANGUAGE_STANDARD = gnu11;
				GCC_DYNAMIC_NO_PIC = NO;
				GCC_NO_COMMON_BLOCKS = YES;
				GCC_OPTIMIZATION_LEVEL = 0;
				GCC_PREPROCESSOR_DEFINITIONS = (
					"DEBUG=1",
					"$(inherited)",
				);
				GCC_WARN_64_TO_32_BIT_CONVERSION = YES;
				GCC_WARN_ABOUT_RETURN_TYPE = YES_ERROR;
				GCC_WARN_UNDECLARED_SELECTOR = YES;
				GCC_WARN_UNINITIALIZED_AUTOS = YES_AGGRESSIVE;
				GCC_WARN_UNUSED_FUNCTION = YES;
				GCC_WARN_UNUSED_VARIABLE = YES;
				IPHONEOS_DEPLOYMENT_TARGET = 11.3;
				MTL_ENABLE_DEBUG_INFO = YES;
				ONLY_ACTIVE_ARCH = YES;
				SDKROOT = iphoneos;
				SWIFT_ACTIVE_COMPILATION_CONDITIONS = DEBUG;
				SWIFT_OPTIMIZATION_LEVEL = "-Onone";
			};
			name = Debug;
		};
		E733419420D67D96008F7084 /* Release */ = {
			isa = XCBuildConfiguration;
			buildSettings = {
				ALWAYS_SEARCH_USER_PATHS = NO;
				CLANG_ANALYZER_NONNULL = YES;
				CLANG_ANALYZER_NUMBER_OBJECT_CONVERSION = YES_AGGRESSIVE;
				CLANG_CXX_LANGUAGE_STANDARD = "gnu++14";
				CLANG_CXX_LIBRARY = "libc++";
				CLANG_ENABLE_MODULES = YES;
				CLANG_ENABLE_OBJC_ARC = YES;
				CLANG_ENABLE_OBJC_WEAK = YES;
				CLANG_WARN_BLOCK_CAPTURE_AUTORELEASING = YES;
				CLANG_WARN_BOOL_CONVERSION = YES;
				CLANG_WARN_COMMA = YES;
				CLANG_WARN_CONSTANT_CONVERSION = YES;
				CLANG_WARN_DEPRECATED_OBJC_IMPLEMENTATIONS = YES;
				CLANG_WARN_DIRECT_OBJC_ISA_USAGE = YES_ERROR;
				CLANG_WARN_DOCUMENTATION_COMMENTS = YES;
				CLANG_WARN_EMPTY_BODY = YES;
				CLANG_WARN_ENUM_CONVERSION = YES;
				CLANG_WARN_INFINITE_RECURSION = YES;
				CLANG_WARN_INT_CONVERSION = YES;
				CLANG_WARN_NON_LITERAL_NULL_CONVERSION = YES;
				CLANG_WARN_OBJC_IMPLICIT_RETAIN_SELF = YES;
				CLANG_WARN_OBJC_LITERAL_CONVERSION = YES;
				CLANG_WARN_OBJC_ROOT_CLASS = YES_ERROR;
				CLANG_WARN_RANGE_LOOP_ANALYSIS = YES;
				CLANG_WARN_STRICT_PROTOTYPES = YES;
				CLANG_WARN_SUSPICIOUS_MOVE = YES;
				CLANG_WARN_UNGUARDED_AVAILABILITY = YES_AGGRESSIVE;
				CLANG_WARN_UNREACHABLE_CODE = YES;
				CLANG_WARN__DUPLICATE_METHOD_MATCH = YES;
				CODE_SIGN_IDENTITY = "iPhone Developer";
				COPY_PHASE_STRIP = NO;
				DEBUG_INFORMATION_FORMAT = "dwarf-with-dsym";
				ENABLE_NS_ASSERTIONS = NO;
				ENABLE_STRICT_OBJC_MSGSEND = YES;
				GCC_C_LANGUAGE_STANDARD = gnu11;
				GCC_NO_COMMON_BLOCKS = YES;
				GCC_WARN_64_TO_32_BIT_CONVERSION = YES;
				GCC_WARN_ABOUT_RETURN_TYPE = YES_ERROR;
				GCC_WARN_UNDECLARED_SELECTOR = YES;
				GCC_WARN_UNINITIALIZED_AUTOS = YES_AGGRESSIVE;
				GCC_WARN_UNUSED_FUNCTION = YES;
				GCC_WARN_UNUSED_VARIABLE = YES;
				IPHONEOS_DEPLOYMENT_TARGET = 11.3;
				MTL_ENABLE_DEBUG_INFO = NO;
				SDKROOT = iphoneos;
				SWIFT_COMPILATION_MODE = wholemodule;
				SWIFT_OPTIMIZATION_LEVEL = "-O";
				VALIDATE_PRODUCT = YES;
			};
			name = Release;
		};
		E733419620D67D96008F7084 /* Debug */ = {
			isa = XCBuildConfiguration;
			buildSettings = {
				ASSETCATALOG_COMPILER_APPICON_NAME = AppIcon;
				CODE_SIGN_STYLE = Automatic;
				INFOPLIST_FILE = Sveetofor/Info.plist;
				LD_RUNPATH_SEARCH_PATHS = (
					"$(inherited)",
					"@executable_path/Frameworks",
				);
				PRODUCT_BUNDLE_IDENTIFIER = ru.Gorban.Sveetofor;
				PRODUCT_NAME = "$(TARGET_NAME)";
				SWIFT_VERSION = 4.0;
				TARGETED_DEVICE_FAMILY = "1,2";
			};
			name = Debug;
		};
		E733419720D67D96008F7084 /* Release */ = {
			isa = XCBuildConfiguration;
			buildSettings = {
				ASSETCATALOG_COMPILER_APPICON_NAME = AppIcon;
				CODE_SIGN_STYLE = Automatic;
				INFOPLIST_FILE = Sveetofor/Info.plist;
				LD_RUNPATH_SEARCH_PATHS = (
					"$(inherited)",
					"@executable_path/Frameworks",
				);
				PRODUCT_BUNDLE_IDENTIFIER = ru.Gorban.Sveetofor;
				PRODUCT_NAME = "$(TARGET_NAME)";
				SWIFT_VERSION = 4.0;
				TARGETED_DEVICE_FAMILY = "1,2";
			};
			name = Release;
		};
		E733419920D67D96008F7084 /* Debug */ = {
			isa = XCBuildConfiguration;
			buildSettings = {
				ALWAYS_EMBED_SWIFT_STANDARD_LIBRARIES = YES;
				BUNDLE_LOADER = "$(TEST_HOST)";
				CODE_SIGN_STYLE = Automatic;
				INFOPLIST_FILE = SveetoforTests/Info.plist;
				LD_RUNPATH_SEARCH_PATHS = (
					"$(inherited)",
					"@executable_path/Frameworks",
					"@loader_path/Frameworks",
				);
				PRODUCT_BUNDLE_IDENTIFIER = ru.Gorban.SveetoforTests;
				PRODUCT_NAME = "$(TARGET_NAME)";
				SWIFT_VERSION = 4.0;
				TARGETED_DEVICE_FAMILY = "1,2";
				TEST_HOST = "$(BUILT_PRODUCTS_DIR)/Sveetofor.app/Sveetofor";
			};
			name = Debug;
		};
		E733419A20D67D96008F7084 /* Release */ = {
			isa = XCBuildConfiguration;
			buildSettings = {
				ALWAYS_EMBED_SWIFT_STANDARD_LIBRARIES = YES;
				BUNDLE_LOADER = "$(TEST_HOST)";
				CODE_SIGN_STYLE = Automatic;
				INFOPLIST_FILE = SveetoforTests/Info.plist;
				LD_RUNPATH_SEARCH_PATHS = (
					"$(inherited)",
					"@executable_path/Frameworks",
					"@loader_path/Frameworks",
				);
				PRODUCT_BUNDLE_IDENTIFIER = ru.Gorban.SveetoforTests;
				PRODUCT_NAME = "$(TARGET_NAME)";
				SWIFT_VERSION = 4.0;
				TARGETED_DEVICE_FAMILY = "1,2";
				TEST_HOST = "$(BUILT_PRODUCTS_DIR)/Sveetofor.app/Sveetofor";
			};
			name = Release;
		};
		E733419C20D67D96008F7084 /* Debug */ = {
			isa = XCBuildConfiguration;
			buildSettings = {
				ALWAYS_EMBED_SWIFT_STANDARD_LIBRARIES = YES;
				CODE_SIGN_STYLE = Automatic;
				INFOPLIST_FILE = SveetoforUITests/Info.plist;
				LD_RUNPATH_SEARCH_PATHS = (
					"$(inherited)",
					"@executable_path/Frameworks",
					"@loader_path/Frameworks",
				);
				PRODUCT_BUNDLE_IDENTIFIER = ru.Gorban.SveetoforUITests;
				PRODUCT_NAME = "$(TARGET_NAME)";
				SWIFT_VERSION = 4.0;
				TARGETED_DEVICE_FAMILY = "1,2";
				TEST_TARGET_NAME = Sveetofor;
			};
			name = Debug;
		};
		E733419D20D67D96008F7084 /* Release */ = {
			isa = XCBuildConfiguration;
			buildSettings = {
				ALWAYS_EMBED_SWIFT_STANDARD_LIBRARIES = YES;
				CODE_SIGN_STYLE = Automatic;
				INFOPLIST_FILE = SveetoforUITests/Info.plist;
				LD_RUNPATH_SEARCH_PATHS = (
					"$(inherited)",
					"@executable_path/Frameworks",
					"@loader_path/Frameworks",
				);
				PRODUCT_BUNDLE_IDENTIFIER = ru.Gorban.SveetoforUITests;
				PRODUCT_NAME = "$(TARGET_NAME)";
				SWIFT_VERSION = 4.0;
				TARGETED_DEVICE_FAMILY = "1,2";
				TEST_TARGET_NAME = Sveetofor;
			};
			name = Release;
		};
/* End XCBuildConfiguration section */

/* Begin XCConfigurationList section */
		E733416820D67D8D008F7084 /* Build configuration list for PBXProject "Sveetofor" */ = {
			isa = XCConfigurationList;
			buildConfigurations = (
				E733419320D67D96008F7084 /* Debug */,
				E733419420D67D96008F7084 /* Release */,
			);
			defaultConfigurationIsVisible = 0;
			defaultConfigurationName = Release;
		};
		E733419520D67D96008F7084 /* Build configuration list for PBXNativeTarget "Sveetofor" */ = {
			isa = XCConfigurationList;
			buildConfigurations = (
				E733419620D67D96008F7084 /* Debug */,
				E733419720D67D96008F7084 /* Release */,
			);
			defaultConfigurationIsVisible = 0;
			defaultConfigurationName = Release;
		};
		E733419820D67D96008F7084 /* Build configuration list for PBXNativeTarget "SveetoforTests" */ = {
			isa = XCConfigurationList;
			buildConfigurations = (
				E733419920D67D96008F7084 /* Debug */,
				E733419A20D67D96008F7084 /* Release */,
			);
			defaultConfigurationIsVisible = 0;
			defaultConfigurationName = Release;
		};
		E733419B20D67D96008F7084 /* Build configuration list for PBXNativeTarget "SveetoforUITests" */ = {
			isa = XCConfigurationList;
			buildConfigurations = (
				E733419C20D67D96008F7084 /* Debug */,
				E733419D20D67D96008F7084 /* Release */,
			);
			defaultConfigurationIsVisible = 0;
			defaultConfigurationName = Release;
		};
/* End XCConfigurationList section */
	};
	rootObject = E733416520D67D8D008F7084 /* Project object */;
}
